// !$*UTF8*$!
{
	archiveVersion = 1;
	classes = {
	};
	objectVersion = 50;
	objects = {

/* Begin PBXBuildFile section */
		4212F415263F29CC00B9C021 /* PlayerViewController.swift in Sources */ = {isa = PBXBuildFile; fileRef = 4212F413263F29CC00B9C021 /* PlayerViewController.swift */; };
		4212F416263F29CC00B9C021 /* PlayerViewController.xib in Resources */ = {isa = PBXBuildFile; fileRef = 4212F414263F29CC00B9C021 /* PlayerViewController.xib */; };
		425DCB52263E076700958689 /* MainViewController.swift in Sources */ = {isa = PBXBuildFile; fileRef = 425DCB50263E076700958689 /* MainViewController.swift */; };
		425DCB53263E076700958689 /* MainViewController.xib in Resources */ = {isa = PBXBuildFile; fileRef = 425DCB51263E076700958689 /* MainViewController.xib */; };
		42621E29264DB3BC00271A85 /* CompanyTableViewCell.swift in Sources */ = {isa = PBXBuildFile; fileRef = 42621E27264DB3BC00271A85 /* CompanyTableViewCell.swift */; };
		42621E2A264DB3BC00271A85 /* CompanyTableViewCell.xib in Resources */ = {isa = PBXBuildFile; fileRef = 42621E28264DB3BC00271A85 /* CompanyTableViewCell.xib */; };
		42621E2E264DB3CA00271A85 /* ProgramTableViewCell.swift in Sources */ = {isa = PBXBuildFile; fileRef = 42621E2C264DB3CA00271A85 /* ProgramTableViewCell.swift */; };
		42621E2F264DB3CA00271A85 /* ProgramTableViewCell.xib in Resources */ = {isa = PBXBuildFile; fileRef = 42621E2D264DB3CA00271A85 /* ProgramTableViewCell.xib */; };
		42621E33264DB3D800271A85 /* SeasonTableViewCell.swift in Sources */ = {isa = PBXBuildFile; fileRef = 42621E31264DB3D800271A85 /* SeasonTableViewCell.swift */; };
		42621E34264DB3D800271A85 /* SeasonTableViewCell.xib in Resources */ = {isa = PBXBuildFile; fileRef = 42621E32264DB3D800271A85 /* SeasonTableViewCell.xib */; };
		426DCB90264C85A20020AC72 /* Company.swift in Sources */ = {isa = PBXBuildFile; fileRef = 426DCB8F264C85A20020AC72 /* Company.swift */; };
		426DCB93264C85BD0020AC72 /* Program.swift in Sources */ = {isa = PBXBuildFile; fileRef = 426DCB92264C85BD0020AC72 /* Program.swift */; };
		426DCB97264C863C0020AC72 /* Season.swift in Sources */ = {isa = PBXBuildFile; fileRef = 426DCB96264C863C0020AC72 /* Season.swift */; };
		427E1C442640B13B00FBCDF7 /* EpisodeTableViewCell.swift in Sources */ = {isa = PBXBuildFile; fileRef = 427E1C422640B13B00FBCDF7 /* EpisodeTableViewCell.swift */; };
		427E1C452640B13B00FBCDF7 /* EpisodeTableViewCell.xib in Resources */ = {isa = PBXBuildFile; fileRef = 427E1C432640B13B00FBCDF7 /* EpisodeTableViewCell.xib */; };
		428C2B592662EAB4009E5B0F /* ProgramViewController.swift in Sources */ = {isa = PBXBuildFile; fileRef = 428C2B572662EAB4009E5B0F /* ProgramViewController.swift */; };
		428C2B5A2662EAB4009E5B0F /* ProgramViewController.xib in Resources */ = {isa = PBXBuildFile; fileRef = 428C2B582662EAB4009E5B0F /* ProgramViewController.xib */; };
		42A719AC264F1A0F0026648E /* CompanyViewController.swift in Sources */ = {isa = PBXBuildFile; fileRef = 42A719AA264F1A0F0026648E /* CompanyViewController.swift */; };
		42A719AD264F1A0F0026648E /* CompanyViewController.xib in Resources */ = {isa = PBXBuildFile; fileRef = 42A719AB264F1A0F0026648E /* CompanyViewController.xib */; };
		42AC65B4264B13F90077002E /* DataViewModel.swift in Sources */ = {isa = PBXBuildFile; fileRef = 42AC65B3264B13F90077002E /* DataViewModel.swift */; };
		42AC92E42679593000CF6264 /* CompanyDetailTableViewCell.swift in Sources */ = {isa = PBXBuildFile; fileRef = 42AC92E22679593000CF6264 /* CompanyDetailTableViewCell.swift */; };
		42AC92E52679593000CF6264 /* CompanyDetailTableViewCell.xib in Resources */ = {isa = PBXBuildFile; fileRef = 42AC92E32679593000CF6264 /* CompanyDetailTableViewCell.xib */; };
		42BB9C162659A6980014A560 /* ProgramsViewController.swift in Sources */ = {isa = PBXBuildFile; fileRef = 42BB9C142659A6980014A560 /* ProgramsViewController.swift */; };
		42BB9C172659A6980014A560 /* ProgramsViewController.xib in Resources */ = {isa = PBXBuildFile; fileRef = 42BB9C152659A6980014A560 /* ProgramsViewController.xib */; };
		42BE3FA526486F9B00C6DA7E /* CloudKit.framework in Frameworks */ = {isa = PBXBuildFile; fileRef = 42BE3FA426486F9B00C6DA7E /* CloudKit.framework */; };
		42EBBB29263DAB7800463FB4 /* AppDelegate.swift in Sources */ = {isa = PBXBuildFile; fileRef = 42EBBB28263DAB7800463FB4 /* AppDelegate.swift */; };
		42EBBB2B263DAB7800463FB4 /* SceneDelegate.swift in Sources */ = {isa = PBXBuildFile; fileRef = 42EBBB2A263DAB7800463FB4 /* SceneDelegate.swift */; };
		42EBBB32263DAB7800463FB4 /* Assets.xcassets in Resources */ = {isa = PBXBuildFile; fileRef = 42EBBB31263DAB7800463FB4 /* Assets.xcassets */; };
		42EBBB35263DAB7800463FB4 /* LaunchScreen.storyboard in Resources */ = {isa = PBXBuildFile; fileRef = 42EBBB33263DAB7800463FB4 /* LaunchScreen.storyboard */; };
		42EEDC592643324E00698755 /* Episode.swift in Sources */ = {isa = PBXBuildFile; fileRef = 42EEDC582643324E00698755 /* Episode.swift */; };
		42F38ADA2651A7D7005F9AB1 /* ProgramsListTableViewCell.swift in Sources */ = {isa = PBXBuildFile; fileRef = 42F38AD82651A7D7005F9AB1 /* ProgramsListTableViewCell.swift */; };
		42F38ADB2651A7D7005F9AB1 /* ProgramsListTableViewCell.xib in Resources */ = {isa = PBXBuildFile; fileRef = 42F38AD92651A7D7005F9AB1 /* ProgramsListTableViewCell.xib */; };
		42F38AE12651C7A1005F9AB1 /* ProgramCollectionViewCell.swift in Sources */ = {isa = PBXBuildFile; fileRef = 42F38ADF2651C7A1005F9AB1 /* ProgramCollectionViewCell.swift */; };
		42F38AE22651C7A1005F9AB1 /* ProgramCollectionViewCell.xib in Resources */ = {isa = PBXBuildFile; fileRef = 42F38AE02651C7A1005F9AB1 /* ProgramCollectionViewCell.xib */; };
/* End PBXBuildFile section */

/* Begin PBXFileReference section */
		420BF37A2655ACE600E3A2A8 /* README.md */ = {isa = PBXFileReference; lastKnownFileType = net.daringfireball.markdown; path = README.md; sourceTree = "<group>"; };
		4212F413263F29CC00B9C021 /* PlayerViewController.swift */ = {isa = PBXFileReference; lastKnownFileType = sourcecode.swift; path = PlayerViewController.swift; sourceTree = "<group>"; };
		4212F414263F29CC00B9C021 /* PlayerViewController.xib */ = {isa = PBXFileReference; lastKnownFileType = file.xib; path = PlayerViewController.xib; sourceTree = "<group>"; };
		425DCB50263E076700958689 /* MainViewController.swift */ = {isa = PBXFileReference; lastKnownFileType = sourcecode.swift; path = MainViewController.swift; sourceTree = "<group>"; };
		425DCB51263E076700958689 /* MainViewController.xib */ = {isa = PBXFileReference; lastKnownFileType = file.xib; path = MainViewController.xib; sourceTree = "<group>"; };
		42621E27264DB3BC00271A85 /* CompanyTableViewCell.swift */ = {isa = PBXFileReference; lastKnownFileType = sourcecode.swift; path = CompanyTableViewCell.swift; sourceTree = "<group>"; };
		42621E28264DB3BC00271A85 /* CompanyTableViewCell.xib */ = {isa = PBXFileReference; lastKnownFileType = file.xib; path = CompanyTableViewCell.xib; sourceTree = "<group>"; };
		42621E2C264DB3CA00271A85 /* ProgramTableViewCell.swift */ = {isa = PBXFileReference; lastKnownFileType = sourcecode.swift; path = ProgramTableViewCell.swift; sourceTree = "<group>"; };
		42621E2D264DB3CA00271A85 /* ProgramTableViewCell.xib */ = {isa = PBXFileReference; lastKnownFileType = file.xib; path = ProgramTableViewCell.xib; sourceTree = "<group>"; };
		42621E31264DB3D800271A85 /* SeasonTableViewCell.swift */ = {isa = PBXFileReference; lastKnownFileType = sourcecode.swift; path = SeasonTableViewCell.swift; sourceTree = "<group>"; };
		42621E32264DB3D800271A85 /* SeasonTableViewCell.xib */ = {isa = PBXFileReference; lastKnownFileType = file.xib; path = SeasonTableViewCell.xib; sourceTree = "<group>"; };
		426DCB8F264C85A20020AC72 /* Company.swift */ = {isa = PBXFileReference; lastKnownFileType = sourcecode.swift; path = Company.swift; sourceTree = "<group>"; };
		426DCB92264C85BD0020AC72 /* Program.swift */ = {isa = PBXFileReference; lastKnownFileType = sourcecode.swift; path = Program.swift; sourceTree = "<group>"; };
		426DCB96264C863C0020AC72 /* Season.swift */ = {isa = PBXFileReference; lastKnownFileType = sourcecode.swift; path = Season.swift; sourceTree = "<group>"; };
		427E1C422640B13B00FBCDF7 /* EpisodeTableViewCell.swift */ = {isa = PBXFileReference; lastKnownFileType = sourcecode.swift; path = EpisodeTableViewCell.swift; sourceTree = "<group>"; };
		427E1C432640B13B00FBCDF7 /* EpisodeTableViewCell.xib */ = {isa = PBXFileReference; lastKnownFileType = file.xib; path = EpisodeTableViewCell.xib; sourceTree = "<group>"; };
		428C2B572662EAB4009E5B0F /* ProgramViewController.swift */ = {isa = PBXFileReference; lastKnownFileType = sourcecode.swift; path = ProgramViewController.swift; sourceTree = "<group>"; };
		428C2B582662EAB4009E5B0F /* ProgramViewController.xib */ = {isa = PBXFileReference; lastKnownFileType = file.xib; path = ProgramViewController.xib; sourceTree = "<group>"; };
		42A719AA264F1A0F0026648E /* CompanyViewController.swift */ = {isa = PBXFileReference; lastKnownFileType = sourcecode.swift; path = CompanyViewController.swift; sourceTree = "<group>"; };
		42A719AB264F1A0F0026648E /* CompanyViewController.xib */ = {isa = PBXFileReference; lastKnownFileType = file.xib; path = CompanyViewController.xib; sourceTree = "<group>"; };
		42AC65B3264B13F90077002E /* DataViewModel.swift */ = {isa = PBXFileReference; lastKnownFileType = sourcecode.swift; path = DataViewModel.swift; sourceTree = "<group>"; };
		42AC92E22679593000CF6264 /* CompanyDetailTableViewCell.swift */ = {isa = PBXFileReference; lastKnownFileType = sourcecode.swift; path = CompanyDetailTableViewCell.swift; sourceTree = "<group>"; };
		42AC92E32679593000CF6264 /* CompanyDetailTableViewCell.xib */ = {isa = PBXFileReference; lastKnownFileType = file.xib; path = CompanyDetailTableViewCell.xib; sourceTree = "<group>"; };
		42BB9C142659A6980014A560 /* ProgramsViewController.swift */ = {isa = PBXFileReference; lastKnownFileType = sourcecode.swift; path = ProgramsViewController.swift; sourceTree = "<group>"; };
		42BB9C152659A6980014A560 /* ProgramsViewController.xib */ = {isa = PBXFileReference; lastKnownFileType = file.xib; path = ProgramsViewController.xib; sourceTree = "<group>"; };
		42BE3FA126486F9500C6DA7E /* Euskal-Podcast.entitlements */ = {isa = PBXFileReference; lastKnownFileType = text.plist.entitlements; path = "Euskal-Podcast.entitlements"; sourceTree = "<group>"; };
		42BE3FA426486F9B00C6DA7E /* CloudKit.framework */ = {isa = PBXFileReference; lastKnownFileType = wrapper.framework; name = CloudKit.framework; path = System/Library/Frameworks/CloudKit.framework; sourceTree = SDKROOT; };
		42EBBB25263DAB7800463FB4 /* Euskal-Podcast.app */ = {isa = PBXFileReference; explicitFileType = wrapper.application; includeInIndex = 0; path = "Euskal-Podcast.app"; sourceTree = BUILT_PRODUCTS_DIR; };
		42EBBB28263DAB7800463FB4 /* AppDelegate.swift */ = {isa = PBXFileReference; lastKnownFileType = sourcecode.swift; path = AppDelegate.swift; sourceTree = "<group>"; };
		42EBBB2A263DAB7800463FB4 /* SceneDelegate.swift */ = {isa = PBXFileReference; lastKnownFileType = sourcecode.swift; path = SceneDelegate.swift; sourceTree = "<group>"; };
		42EBBB31263DAB7800463FB4 /* Assets.xcassets */ = {isa = PBXFileReference; lastKnownFileType = folder.assetcatalog; path = Assets.xcassets; sourceTree = "<group>"; };
		42EBBB34263DAB7800463FB4 /* Base */ = {isa = PBXFileReference; lastKnownFileType = file.storyboard; name = Base; path = Base.lproj/LaunchScreen.storyboard; sourceTree = "<group>"; };
		42EBBB36263DAB7800463FB4 /* Info.plist */ = {isa = PBXFileReference; lastKnownFileType = text.plist.xml; path = Info.plist; sourceTree = "<group>"; };
		42EEDC582643324E00698755 /* Episode.swift */ = {isa = PBXFileReference; lastKnownFileType = sourcecode.swift; path = Episode.swift; sourceTree = "<group>"; };
		42F38AD82651A7D7005F9AB1 /* ProgramsListTableViewCell.swift */ = {isa = PBXFileReference; lastKnownFileType = sourcecode.swift; path = ProgramsListTableViewCell.swift; sourceTree = "<group>"; };
		42F38AD92651A7D7005F9AB1 /* ProgramsListTableViewCell.xib */ = {isa = PBXFileReference; lastKnownFileType = file.xib; path = ProgramsListTableViewCell.xib; sourceTree = "<group>"; };
		42F38ADF2651C7A1005F9AB1 /* ProgramCollectionViewCell.swift */ = {isa = PBXFileReference; lastKnownFileType = sourcecode.swift; path = ProgramCollectionViewCell.swift; sourceTree = "<group>"; };
		42F38AE02651C7A1005F9AB1 /* ProgramCollectionViewCell.xib */ = {isa = PBXFileReference; lastKnownFileType = file.xib; path = ProgramCollectionViewCell.xib; sourceTree = "<group>"; };
/* End PBXFileReference section */

/* Begin PBXFrameworksBuildPhase section */
		42EBBB22263DAB7800463FB4 /* Frameworks */ = {
			isa = PBXFrameworksBuildPhase;
			buildActionMask = 2147483647;
			files = (
				42BE3FA526486F9B00C6DA7E /* CloudKit.framework in Frameworks */,
			);
			runOnlyForDeploymentPostprocessing = 0;
		};
/* End PBXFrameworksBuildPhase section */

/* Begin PBXGroup section */
		425DCB5A263E0E2B00958689 /* Controllers */ = {
			isa = PBXGroup;
			children = (
				425DCB50263E076700958689 /* MainViewController.swift */,
				42A719AA264F1A0F0026648E /* CompanyViewController.swift */,
				42BB9C142659A6980014A560 /* ProgramsViewController.swift */,
				428C2B572662EAB4009E5B0F /* ProgramViewController.swift */,
				4212F413263F29CC00B9C021 /* PlayerViewController.swift */,
			);
			path = Controllers;
			sourceTree = "<group>";
		};
		425DCB5B263E0E3B00958689 /* Views */ = {
			isa = PBXGroup;
			children = (
				425DCB51263E076700958689 /* MainViewController.xib */,
				42A719AB264F1A0F0026648E /* CompanyViewController.xib */,
				42BB9C152659A6980014A560 /* ProgramsViewController.xib */,
				4212F414263F29CC00B9C021 /* PlayerViewController.xib */,
				428C2B582662EAB4009E5B0F /* ProgramViewController.xib */,
			);
			path = Views;
			sourceTree = "<group>";
		};
		425DCB5C263E0E4100958689 /* Models */ = {
			isa = PBXGroup;
			children = (
				426DCB8F264C85A20020AC72 /* Company.swift */,
				426DCB92264C85BD0020AC72 /* Program.swift */,
				426DCB96264C863C0020AC72 /* Season.swift */,
				42EEDC582643324E00698755 /* Episode.swift */,
			);
			path = Models;
			sourceTree = "<group>";
		};
		42621E24264DB38200271A85 /* Season */ = {
			isa = PBXGroup;
			children = (
				42621E31264DB3D800271A85 /* SeasonTableViewCell.swift */,
				42621E32264DB3D800271A85 /* SeasonTableViewCell.xib */,
			);
			path = Season;
			sourceTree = "<group>";
		};
		42621E25264DB39A00271A85 /* Program */ = {
			isa = PBXGroup;
			children = (
				42621E2C264DB3CA00271A85 /* ProgramTableViewCell.swift */,
				42621E2D264DB3CA00271A85 /* ProgramTableViewCell.xib */,
			);
			path = Program;
			sourceTree = "<group>";
		};
		42621E26264DB3A000271A85 /* Company */ = {
			isa = PBXGroup;
			children = (
				42621E27264DB3BC00271A85 /* CompanyTableViewCell.swift */,
				42621E28264DB3BC00271A85 /* CompanyTableViewCell.xib */,
			);
			path = Company;
			sourceTree = "<group>";
		};
		427E1C412640AF6000FBCDF7 /* Cells */ = {
			isa = PBXGroup;
			children = (
				42621E26264DB3A000271A85 /* Company */,
				42AC92E12679590E00CF6264 /* CompanyDetail */,
				42621E25264DB39A00271A85 /* Program */,
				42F38AD72651A7B1005F9AB1 /* ProgramsList */,
				42F38ADE2651C76D005F9AB1 /* ProgramsListCell */,
				42621E24264DB38200271A85 /* Season */,
				427E1C482640B15A00FBCDF7 /* Episode */,
			);
			path = Cells;
			sourceTree = "<group>";
		};
		427E1C482640B15A00FBCDF7 /* Episode */ = {
			isa = PBXGroup;
			children = (
				427E1C422640B13B00FBCDF7 /* EpisodeTableViewCell.swift */,
				427E1C432640B13B00FBCDF7 /* EpisodeTableViewCell.xib */,
			);
			path = Episode;
			sourceTree = "<group>";
		};
		42AC65B2264B13CB0077002E /* ViewModels */ = {
			isa = PBXGroup;
			children = (
				42AC65B3264B13F90077002E /* DataViewModel.swift */,
			);
			path = ViewModels;
			sourceTree = "<group>";
		};
		42AC92E12679590E00CF6264 /* CompanyDetail */ = {
			isa = PBXGroup;
			children = (
				42AC92E22679593000CF6264 /* CompanyDetailTableViewCell.swift */,
				42AC92E32679593000CF6264 /* CompanyDetailTableViewCell.xib */,
			);
			path = CompanyDetail;
			sourceTree = "<group>";
		};
		42BE3FA326486F9B00C6DA7E /* Frameworks */ = {
			isa = PBXGroup;
			children = (
				42BE3FA426486F9B00C6DA7E /* CloudKit.framework */,
			);
			name = Frameworks;
			sourceTree = "<group>";
		};
		42EBBB1C263DAB7800463FB4 = {
			isa = PBXGroup;
			children = (
				420BF37A2655ACE600E3A2A8 /* README.md */,
				42EBBB27263DAB7800463FB4 /* Euskal-Podcast */,
				42EBBB26263DAB7800463FB4 /* Products */,
				42BE3FA326486F9B00C6DA7E /* Frameworks */,
			);
			sourceTree = "<group>";
		};
		42EBBB26263DAB7800463FB4 /* Products */ = {
			isa = PBXGroup;
			children = (
				42EBBB25263DAB7800463FB4 /* Euskal-Podcast.app */,
			);
			name = Products;
			sourceTree = "<group>";
		};
		42EBBB27263DAB7800463FB4 /* Euskal-Podcast */ = {
			isa = PBXGroup;
			children = (
				42BE3FA126486F9500C6DA7E /* Euskal-Podcast.entitlements */,
				42EBBB28263DAB7800463FB4 /* AppDelegate.swift */,
				42EBBB2A263DAB7800463FB4 /* SceneDelegate.swift */,
				425DCB5C263E0E4100958689 /* Models */,
				42AC65B2264B13CB0077002E /* ViewModels */,
				425DCB5B263E0E3B00958689 /* Views */,
				427E1C412640AF6000FBCDF7 /* Cells */,
				425DCB5A263E0E2B00958689 /* Controllers */,
				42EBBB31263DAB7800463FB4 /* Assets.xcassets */,
				42EBBB33263DAB7800463FB4 /* LaunchScreen.storyboard */,
				42EBBB36263DAB7800463FB4 /* Info.plist */,
			);
			path = "Euskal-Podcast";
			sourceTree = "<group>";
		};
		42F38AD72651A7B1005F9AB1 /* ProgramsList */ = {
			isa = PBXGroup;
			children = (
				42F38AD82651A7D7005F9AB1 /* ProgramsListTableViewCell.swift */,
				42F38AD92651A7D7005F9AB1 /* ProgramsListTableViewCell.xib */,
			);
			path = ProgramsList;
			sourceTree = "<group>";
		};
		42F38ADE2651C76D005F9AB1 /* ProgramsListCell */ = {
			isa = PBXGroup;
			children = (
				42F38ADF2651C7A1005F9AB1 /* ProgramCollectionViewCell.swift */,
				42F38AE02651C7A1005F9AB1 /* ProgramCollectionViewCell.xib */,
			);
			path = ProgramsListCell;
			sourceTree = "<group>";
		};
/* End PBXGroup section */

/* Begin PBXNativeTarget section */
		42EBBB24263DAB7800463FB4 /* Euskal-Podcast */ = {
			isa = PBXNativeTarget;
			buildConfigurationList = 42EBBB39263DAB7800463FB4 /* Build configuration list for PBXNativeTarget "Euskal-Podcast" */;
			buildPhases = (
				42EBBB21263DAB7800463FB4 /* Sources */,
				42EBBB22263DAB7800463FB4 /* Frameworks */,
				42EBBB23263DAB7800463FB4 /* Resources */,
			);
			buildRules = (
			);
			dependencies = (
			);
			name = "Euskal-Podcast";
			productName = "Euskal-Podcast";
			productReference = 42EBBB25263DAB7800463FB4 /* Euskal-Podcast.app */;
			productType = "com.apple.product-type.application";
		};
/* End PBXNativeTarget section */

/* Begin PBXProject section */
		42EBBB1D263DAB7800463FB4 /* Project object */ = {
			isa = PBXProject;
			attributes = {
				LastSwiftUpdateCheck = 1240;
				LastUpgradeCheck = 1240;
				TargetAttributes = {
					42EBBB24263DAB7800463FB4 = {
						CreatedOnToolsVersion = 12.4;
					};
				};
			};
			buildConfigurationList = 42EBBB20263DAB7800463FB4 /* Build configuration list for PBXProject "Euskal-Podcast" */;
			compatibilityVersion = "Xcode 9.3";
			developmentRegion = en;
			hasScannedForEncodings = 0;
			knownRegions = (
				en,
				Base,
			);
			mainGroup = 42EBBB1C263DAB7800463FB4;
			productRefGroup = 42EBBB26263DAB7800463FB4 /* Products */;
			projectDirPath = "";
			projectRoot = "";
			targets = (
				42EBBB24263DAB7800463FB4 /* Euskal-Podcast */,
			);
		};
/* End PBXProject section */

/* Begin PBXResourcesBuildPhase section */
		42EBBB23263DAB7800463FB4 /* Resources */ = {
			isa = PBXResourcesBuildPhase;
			buildActionMask = 2147483647;
			files = (
				42EBBB35263DAB7800463FB4 /* LaunchScreen.storyboard in Resources */,
				4212F416263F29CC00B9C021 /* PlayerViewController.xib in Resources */,
				42F38ADB2651A7D7005F9AB1 /* ProgramsListTableViewCell.xib in Resources */,
				425DCB53263E076700958689 /* MainViewController.xib in Resources */,
				42AC92E52679593000CF6264 /* CompanyDetailTableViewCell.xib in Resources */,
				42A719AD264F1A0F0026648E /* CompanyViewController.xib in Resources */,
				42621E2A264DB3BC00271A85 /* CompanyTableViewCell.xib in Resources */,
				42621E34264DB3D800271A85 /* SeasonTableViewCell.xib in Resources */,
				427E1C452640B13B00FBCDF7 /* EpisodeTableViewCell.xib in Resources */,
				42621E2F264DB3CA00271A85 /* ProgramTableViewCell.xib in Resources */,
				42BB9C172659A6980014A560 /* ProgramsViewController.xib in Resources */,
				428C2B5A2662EAB4009E5B0F /* ProgramViewController.xib in Resources */,
				42EBBB32263DAB7800463FB4 /* Assets.xcassets in Resources */,
				42F38AE22651C7A1005F9AB1 /* ProgramCollectionViewCell.xib in Resources */,
			);
			runOnlyForDeploymentPostprocessing = 0;
		};
/* End PBXResourcesBuildPhase section */

/* Begin PBXSourcesBuildPhase section */
		42EBBB21263DAB7800463FB4 /* Sources */ = {
			isa = PBXSourcesBuildPhase;
			buildActionMask = 2147483647;
			files = (
				42AC92E42679593000CF6264 /* CompanyDetailTableViewCell.swift in Sources */,
				42EBBB29263DAB7800463FB4 /* AppDelegate.swift in Sources */,
				42EEDC592643324E00698755 /* Episode.swift in Sources */,
				426DCB97264C863C0020AC72 /* Season.swift in Sources */,
				42BB9C162659A6980014A560 /* ProgramsViewController.swift in Sources */,
				4212F415263F29CC00B9C021 /* PlayerViewController.swift in Sources */,
				42621E29264DB3BC00271A85 /* CompanyTableViewCell.swift in Sources */,
				42EBBB2B263DAB7800463FB4 /* SceneDelegate.swift in Sources */,
				427E1C442640B13B00FBCDF7 /* EpisodeTableViewCell.swift in Sources */,
				426DCB93264C85BD0020AC72 /* Program.swift in Sources */,
				42621E33264DB3D800271A85 /* SeasonTableViewCell.swift in Sources */,
				42F38AE12651C7A1005F9AB1 /* ProgramCollectionViewCell.swift in Sources */,
				42621E2E264DB3CA00271A85 /* ProgramTableViewCell.swift in Sources */,
				42F38ADA2651A7D7005F9AB1 /* ProgramsListTableViewCell.swift in Sources */,
				42AC65B4264B13F90077002E /* DataViewModel.swift in Sources */,
				425DCB52263E076700958689 /* MainViewController.swift in Sources */,
				42A719AC264F1A0F0026648E /* CompanyViewController.swift in Sources */,
				426DCB90264C85A20020AC72 /* Company.swift in Sources */,
				428C2B592662EAB4009E5B0F /* ProgramViewController.swift in Sources */,
			);
			runOnlyForDeploymentPostprocessing = 0;
		};
/* End PBXSourcesBuildPhase section */

/* Begin PBXVariantGroup section */
		42EBBB33263DAB7800463FB4 /* LaunchScreen.storyboard */ = {
			isa = PBXVariantGroup;
			children = (
				42EBBB34263DAB7800463FB4 /* Base */,
			);
			name = LaunchScreen.storyboard;
			sourceTree = "<group>";
		};
/* End PBXVariantGroup section */

/* Begin XCBuildConfiguration section */
		42EBBB37263DAB7800463FB4 /* Debug */ = {
			isa = XCBuildConfiguration;
			buildSettings = {
				ALWAYS_SEARCH_USER_PATHS = NO;
				CLANG_ANALYZER_NONNULL = YES;
				CLANG_ANALYZER_NUMBER_OBJECT_CONVERSION = YES_AGGRESSIVE;
				CLANG_CXX_LANGUAGE_STANDARD = "gnu++14";
				CLANG_CXX_LIBRARY = "libc++";
				CLANG_ENABLE_MODULES = YES;
				CLANG_ENABLE_OBJC_ARC = YES;
				CLANG_ENABLE_OBJC_WEAK = YES;
				CLANG_WARN_BLOCK_CAPTURE_AUTORELEASING = YES;
				CLANG_WARN_BOOL_CONVERSION = YES;
				CLANG_WARN_COMMA = YES;
				CLANG_WARN_CONSTANT_CONVERSION = YES;
				CLANG_WARN_DEPRECATED_OBJC_IMPLEMENTATIONS = YES;
				CLANG_WARN_DIRECT_OBJC_ISA_USAGE = YES_ERROR;
				CLANG_WARN_DOCUMENTATION_COMMENTS = YES;
				CLANG_WARN_EMPTY_BODY = YES;
				CLANG_WARN_ENUM_CONVERSION = YES;
				CLANG_WARN_INFINITE_RECURSION = YES;
				CLANG_WARN_INT_CONVERSION = YES;
				CLANG_WARN_NON_LITERAL_NULL_CONVERSION = YES;
				CLANG_WARN_OBJC_IMPLICIT_RETAIN_SELF = YES;
				CLANG_WARN_OBJC_LITERAL_CONVERSION = YES;
				CLANG_WARN_OBJC_ROOT_CLASS = YES_ERROR;
				CLANG_WARN_QUOTED_INCLUDE_IN_FRAMEWORK_HEADER = YES;
				CLANG_WARN_RANGE_LOOP_ANALYSIS = YES;
				CLANG_WARN_STRICT_PROTOTYPES = YES;
				CLANG_WARN_SUSPICIOUS_MOVE = YES;
				CLANG_WARN_UNGUARDED_AVAILABILITY = YES_AGGRESSIVE;
				CLANG_WARN_UNREACHABLE_CODE = YES;
				CLANG_WARN__DUPLICATE_METHOD_MATCH = YES;
				COPY_PHASE_STRIP = NO;
				DEBUG_INFORMATION_FORMAT = dwarf;
				ENABLE_STRICT_OBJC_MSGSEND = YES;
				ENABLE_TESTABILITY = YES;
				GCC_C_LANGUAGE_STANDARD = gnu11;
				GCC_DYNAMIC_NO_PIC = NO;
				GCC_NO_COMMON_BLOCKS = YES;
				GCC_OPTIMIZATION_LEVEL = 0;
				GCC_PREPROCESSOR_DEFINITIONS = (
					"DEBUG=1",
					"$(inherited)",
				);
				GCC_WARN_64_TO_32_BIT_CONVERSION = YES;
				GCC_WARN_ABOUT_RETURN_TYPE = YES_ERROR;
				GCC_WARN_UNDECLARED_SELECTOR = YES;
				GCC_WARN_UNINITIALIZED_AUTOS = YES_AGGRESSIVE;
				GCC_WARN_UNUSED_FUNCTION = YES;
				GCC_WARN_UNUSED_VARIABLE = YES;
				IPHONEOS_DEPLOYMENT_TARGET = 14.4;
				MTL_ENABLE_DEBUG_INFO = INCLUDE_SOURCE;
				MTL_FAST_MATH = YES;
				ONLY_ACTIVE_ARCH = YES;
				SDKROOT = iphoneos;
				SWIFT_ACTIVE_COMPILATION_CONDITIONS = DEBUG;
				SWIFT_OPTIMIZATION_LEVEL = "-Onone";
			};
			name = Debug;
		};
		42EBBB38263DAB7800463FB4 /* Release */ = {
			isa = XCBuildConfiguration;
			buildSettings = {
				ALWAYS_SEARCH_USER_PATHS = NO;
				CLANG_ANALYZER_NONNULL = YES;
				CLANG_ANALYZER_NUMBER_OBJECT_CONVERSION = YES_AGGRESSIVE;
				CLANG_CXX_LANGUAGE_STANDARD = "gnu++14";
				CLANG_CXX_LIBRARY = "libc++";
				CLANG_ENABLE_MODULES = YES;
				CLANG_ENABLE_OBJC_ARC = YES;
				CLANG_ENABLE_OBJC_WEAK = YES;
				CLANG_WARN_BLOCK_CAPTURE_AUTORELEASING = YES;
				CLANG_WARN_BOOL_CONVERSION = YES;
				CLANG_WARN_COMMA = YES;
				CLANG_WARN_CONSTANT_CONVERSION = YES;
				CLANG_WARN_DEPRECATED_OBJC_IMPLEMENTATIONS = YES;
				CLANG_WARN_DIRECT_OBJC_ISA_USAGE = YES_ERROR;
				CLANG_WARN_DOCUMENTATION_COMMENTS = YES;
				CLANG_WARN_EMPTY_BODY = YES;
				CLANG_WARN_ENUM_CONVERSION = YES;
				CLANG_WARN_INFINITE_RECURSION = YES;
				CLANG_WARN_INT_CONVERSION = YES;
				CLANG_WARN_NON_LITERAL_NULL_CONVERSION = YES;
				CLANG_WARN_OBJC_IMPLICIT_RETAIN_SELF = YES;
				CLANG_WARN_OBJC_LITERAL_CONVERSION = YES;
				CLANG_WARN_OBJC_ROOT_CLASS = YES_ERROR;
				CLANG_WARN_QUOTED_INCLUDE_IN_FRAMEWORK_HEADER = YES;
				CLANG_WARN_RANGE_LOOP_ANALYSIS = YES;
				CLANG_WARN_STRICT_PROTOTYPES = YES;
				CLANG_WARN_SUSPICIOUS_MOVE = YES;
				CLANG_WARN_UNGUARDED_AVAILABILITY = YES_AGGRESSIVE;
				CLANG_WARN_UNREACHABLE_CODE = YES;
				CLANG_WARN__DUPLICATE_METHOD_MATCH = YES;
				COPY_PHASE_STRIP = NO;
				DEBUG_INFORMATION_FORMAT = "dwarf-with-dsym";
				ENABLE_NS_ASSERTIONS = NO;
				ENABLE_STRICT_OBJC_MSGSEND = YES;
				GCC_C_LANGUAGE_STANDARD = gnu11;
				GCC_NO_COMMON_BLOCKS = YES;
				GCC_WARN_64_TO_32_BIT_CONVERSION = YES;
				GCC_WARN_ABOUT_RETURN_TYPE = YES_ERROR;
				GCC_WARN_UNDECLARED_SELECTOR = YES;
				GCC_WARN_UNINITIALIZED_AUTOS = YES_AGGRESSIVE;
				GCC_WARN_UNUSED_FUNCTION = YES;
				GCC_WARN_UNUSED_VARIABLE = YES;
				IPHONEOS_DEPLOYMENT_TARGET = 14.4;
				MTL_ENABLE_DEBUG_INFO = NO;
				MTL_FAST_MATH = YES;
				SDKROOT = iphoneos;
				SWIFT_COMPILATION_MODE = wholemodule;
				SWIFT_OPTIMIZATION_LEVEL = "-O";
				VALIDATE_PRODUCT = YES;
			};
			name = Release;
		};
		42EBBB3A263DAB7800463FB4 /* Debug */ = {
			isa = XCBuildConfiguration;
			buildSettings = {
				ASSETCATALOG_COMPILER_APPICON_NAME = AppIcon;
				ASSETCATALOG_COMPILER_GLOBAL_ACCENT_COLOR_NAME = AccentColor;
				CODE_SIGN_ENTITLEMENTS = "Euskal-Podcast/Euskal-Podcast.entitlements";
				CODE_SIGN_STYLE = Automatic;
				DEVELOPMENT_TEAM = V9WUS7ZBGW;
				INFOPLIST_FILE = "Euskal-Podcast/Info.plist";
				IPHONEOS_DEPLOYMENT_TARGET = 11.0;
				LD_RUNPATH_SEARCH_PATHS = (
					"$(inherited)",
					"@executable_path/Frameworks",
				);
				PRODUCT_BUNDLE_IDENTIFIER = "eus.aitorzubizarreta.Euskal-Podcast";
				PRODUCT_NAME = "$(TARGET_NAME)";
				SWIFT_VERSION = 5.0;
				TARGETED_DEVICE_FAMILY = 1;
			};
			name = Debug;
		};
		42EBBB3B263DAB7800463FB4 /* Release */ = {
			isa = XCBuildConfiguration;
			buildSettings = {
				ASSETCATALOG_COMPILER_APPICON_NAME = AppIcon;
				ASSETCATALOG_COMPILER_GLOBAL_ACCENT_COLOR_NAME = AccentColor;
				CODE_SIGN_ENTITLEMENTS = "Euskal-Podcast/Euskal-Podcast.entitlements";
				CODE_SIGN_STYLE = Automatic;
				DEVELOPMENT_TEAM = V9WUS7ZBGW;
				INFOPLIST_FILE = "Euskal-Podcast/Info.plist";
				IPHONEOS_DEPLOYMENT_TARGET = 11.0;
				LD_RUNPATH_SEARCH_PATHS = (
					"$(inherited)",
					"@executable_path/Frameworks",
				);
				PRODUCT_BUNDLE_IDENTIFIER = "eus.aitorzubizarreta.Euskal-Podcast";
				PRODUCT_NAME = "$(TARGET_NAME)";
				SWIFT_VERSION = 5.0;
				TARGETED_DEVICE_FAMILY = 1;
			};
			name = Release;
		};
/* End XCBuildConfiguration section */

/* Begin XCConfigurationList section */
		42EBBB20263DAB7800463FB4 /* Build configuration list for PBXProject "Euskal-Podcast" */ = {
			isa = XCConfigurationList;
			buildConfigurations = (
				42EBBB37263DAB7800463FB4 /* Debug */,
				42EBBB38263DAB7800463FB4 /* Release */,
			);
			defaultConfigurationIsVisible = 0;
			defaultConfigurationName = Release;
		};
		42EBBB39263DAB7800463FB4 /* Build configuration list for PBXNativeTarget "Euskal-Podcast" */ = {
			isa = XCConfigurationList;
			buildConfigurations = (
				42EBBB3A263DAB7800463FB4 /* Debug */,
				42EBBB3B263DAB7800463FB4 /* Release */,
			);
			defaultConfigurationIsVisible = 0;
			defaultConfigurationName = Release;
		};
/* End XCConfigurationList section */
	};
	rootObject = 42EBBB1D263DAB7800463FB4 /* Project object */;
}
